
Microsoft Visual Studio Solution File, Format Version 12.00
# Visual Studio Version 17
VisualStudioVersion = 17.13.35931.197
MinimumVisualStudioVersion = 10.0.40219.1
Project("{FAE04EC0-301F-11D3-BF4B-00C04F79EFBC}") = "VFM_VanillaFireModes", "VFM_VanillaFireModes.csproj", "{FA2D557E-4F5F-415F-A8F8-C04C9CE4D674}"
EndProject
Global
	GlobalSection(SolutionConfigurationPlatforms) = preSolution
		Debug|Any CPU = Debug|Any CPU
		Release|Any CPU = Release|Any CPU
	EndGlobalSection
	GlobalSection(ProjectConfigurationPlatforms) = postSolution
		{FA2D557E-4F5F-415F-A8F8-C04C9CE4D674}.Debug|Any CPU.ActiveCfg = Debug|Any CPU
		{FA2D557E-4F5F-415F-A8F8-C04C9CE4D674}.Debug|Any CPU.Build.0 = Debug|Any CPU
		{FA2D557E-4F5F-415F-A8F8-C04C9CE4D674}.Release|Any CPU.ActiveCfg = Release|Any CPU
		{FA2D557E-4F5F-415F-A8F8-C04C9CE4D674}.Release|Any CPU.Build.0 = Release|Any CPU
	EndGlobalSection
	GlobalSection(SolutionProperties) = preSolution
		HideSolutionNode = FALSE
	EndGlobalSection
	GlobalSection(ExtensibilityGlobals) = postSolution
		SolutionGuid = {6693F670-E22F-4365-AE73-52688FF0D649}
	EndGlobalSection
EndGlobal
